
Microsoft Visual Studio Solution File, Format Version 12.00
# Visual Studio 15
VisualStudioVersion = 15.0.28307.421
MinimumVisualStudioVersion = 10.0.40219.1
Project("{FAE04EC0-301F-11D3-BF4B-00C04F79EFBC}") = "RA3onlineUI", "WpfApp2\RA3onlineUI.csproj", "{75F4B3B5-18A1-4B68-BB0B-83238CA24D43}"
EndProject
Global
	GlobalSection(SolutionConfigurationPlatforms) = preSolution
		Debug|Any CPU = Debug|Any CPU
		Release|Any CPU = Release|Any CPU
	EndGlobalSection
	GlobalSection(ProjectConfigurationPlatforms) = postSolution
		{75F4B3B5-18A1-4B68-BB0B-83238CA24D43}.Debug|Any CPU.ActiveCfg = Debug|Any CPU
		{75F4B3B5-18A1-4B68-BB0B-83238CA24D43}.Debug|Any CPU.Build.0 = Debug|Any CPU
		{75F4B3B5-18A1-4B68-BB0B-83238CA24D43}.Release|Any CPU.ActiveCfg = Release|Any CPU
		{75F4B3B5-18A1-4B68-BB0B-83238CA24D43}.Release|Any CPU.Build.0 = Release|Any CPU
	EndGlobalSection
	GlobalSection(SolutionProperties) = preSolution
		HideSolutionNode = FALSE
	EndGlobalSection
	GlobalSection(ExtensibilityGlobals) = postSolution
		SolutionGuid = {89C67313-583A-4361-A9EB-B3B126E1A62F}
	EndGlobalSection
EndGlobal
